github.com/go-toolsmith/astequal v1.0.3/go.mod h1:9Ai4UglvtR+4up+bAD4+hCj7iTo4m/OXVTSLnCyTAx4=
github.com/go-toolsmith/astequal v1.1.0/go.mod h1:sedf7VIdCL22LD8qIvv7Nn9MuWJruQA/ysswh64lffQ=
github.com/go-toolsmith/astequal v1.2.0 h1:3Fs3CYZ1k9Vo4FzFhwwewC3CHISHDnVUPC4x0bI2+Cw=
github.com/go-toolsmith/astequal v1.2.0/go.mod h1:c8NZ3+kSFtFY/8lPso4v8LuJjdJiUFVnSuU3s0qrrDY=
github.com/go-toolsmith/minformat v0.1.0 h1:D2PntDTDebuAHn81aFLYdbNe+0f21EfTxqPFiOZAmr4=
github.com/go-toolsmith/minformat v0.1.0/go.mod h1:m+jKNKRms00L+rfzkasxb2Y8EgLwSSrWp8/etgBYMLg=
github.com/go-toolsmith/strparse v1.0.0/go.mod h1:YI2nUKP9YGZnL/L1/DLFBfixrcjslWct4wyljWhSRy8=
github.com/go-toolsmith/strparse v1.1.0 h1:GAioeZUK9TGxnLS+qfdqNbA4z0SSm5zVNtCQiyP2Bvw=
github.com/go-toolsmith/strparse v1.1.0/go.mod h1:7ksGy58fsaQkGQlY8WVoBFNyEPMGuJin1rfoPS4lBSQ=
github.com/google/go-cmp v0.5.8/go.mod h1:17dUlkBOakJ0+DkrSSNjCkIjxS6bF9zb3elmeNGIjoY=
github.com/google/go-cmp v0.6.0 h1:ofyhxvXcZhMsU5ulbFiLKl/XBFqE1GSq7atu8tAmTRI=
github.com/google/go-cmp v0.6.0/go.mod h1:17dUlkBOakJ0+DkrSSNjCkIjxS6bF9zb3elmeNGIjoY=
github.com/quasilyte/gogrep v0.5.0 h1:eTKODPXbI8ffJMN+W2aE0+oL0z/nh8/5eNdiO34SOAo=
github.com/quasilyte/gogrep v0.5.0/go.mod h1:Cm9lpz9NZjEoL1tgZ2OgeUKPIxL1meE7eo60Z6Sk+Ng=
golang.org/x/exp/typeparams v0.0.0-20220428152302-39d4317da171/go.mod h1:AbB0pIl9nAr9wVwH+Z2ZpaocVmF5I4GyWCDIsVjR0bk=
golang.org/x/exp/typeparams v0.0.0-20230203172020-98cc5a0785f9/go.mod h1:AbB0pIl9nAr9wVwH+Z2ZpaocVmF5I4GyWCDIsVjR0bk=
golang.org/x/exp/typeparams v0.0.0-20240112132812-db7319d0e0e3 h1:cW4lNfFicb4kAracdjGpt2Vkbnqy07T/gvwWKBeXt74=
golang.org/x/exp/typeparams v0.0.0-20240112132812-db7319d0e0e3/go.mod h1:AbB0pIl9nAr9wVwH+Z2ZpaocVmF5I4GyWCDIsVjR0bk=
